
Microsoft Visual Studio Solution File, Format Version 12.00
# Visual Studio Version 16
VisualStudioVersion = 16.0.30711.63
MinimumVisualStudioVersion = 10.0.40219.1
Project("{FAE04EC0-301F-11D3-BF4B-00C04F79EFBC}") = "EHR", "EHR\EHR.csproj", "{69B42C76-777D-4BCF-B517-3C1D8BE18D9B}"
EndProject
Global
	GlobalSection(SolutionConfigurationPlatforms) = preSolution
		Debug|Any CPU = Debug|Any CPU
		Release|Any CPU = Release|Any CPU
	EndGlobalSection
	GlobalSection(ProjectConfigurationPlatforms) = postSolution
		{69B42C76-777D-4BCF-B517-3C1D8BE18D9B}.Debug|Any CPU.ActiveCfg = Debug|Any CPU
		{69B42C76-777D-4BCF-B517-3C1D8BE18D9B}.Debug|Any CPU.Build.0 = Debug|Any CPU
		{69B42C76-777D-4BCF-B517-3C1D8BE18D9B}.Release|Any CPU.ActiveCfg = Release|Any CPU
		{69B42C76-777D-4BCF-B517-3C1D8BE18D9B}.Release|Any CPU.Build.0 = Release|Any CPU
	EndGlobalSection
	GlobalSection(SolutionProperties) = preSolution
		HideSolutionNode = FALSE
	EndGlobalSection
	GlobalSection(ExtensibilityGlobals) = postSolution
		SolutionGuid = {50686B32-FD0B-47B3-AE59-90C43942D5EB}
	EndGlobalSection
EndGlobal
